
Microsoft Visual Studio Solution File, Format Version 12.00
Project("{FAE04EC0-301F-11D3-BF4B-00C04F79EFBC}") = "Trainer", "Trainer\Trainer.csproj", "{CDF7BCDD-8C6E-4582-865A-872869EBBC05}"
EndProject
Project("{FAE04EC0-301F-11D3-BF4B-00C04F79EFBC}") = "Loader", "Loader\Loader.csproj", "{5B1FDEC4-CB9F-4353-AE69-08EF5692E447}"
EndProject
Global
	GlobalSection(SolutionConfigurationPlatforms) = preSolution
		Debug|Any CPU = Debug|Any CPU
		Release|Any CPU = Release|Any CPU
	EndGlobalSection
	GlobalSection(ProjectConfigurationPlatforms) = postSolution
		{CDF7BCDD-8C6E-4582-865A-872869EBBC05}.Debug|Any CPU.ActiveCfg = Debug|Any CPU
		{CDF7BCDD-8C6E-4582-865A-872869EBBC05}.Debug|Any CPU.Build.0 = Debug|Any CPU
		{CDF7BCDD-8C6E-4582-865A-872869EBBC05}.Release|Any CPU.ActiveCfg = Release|Any CPU
		{CDF7BCDD-8C6E-4582-865A-872869EBBC05}.Release|Any CPU.Build.0 = Release|Any CPU
		{5B1FDEC4-CB9F-4353-AE69-08EF5692E447}.Debug|Any CPU.ActiveCfg = Release|x86
		{5B1FDEC4-CB9F-4353-AE69-08EF5692E447}.Debug|Any CPU.Build.0 = Release|x86
	EndGlobalSection
EndGlobal
